// !$*UTF8*$!
{
	archiveVersion = 1;
	classes = {
	};
	objectVersion = 46;
	objects = {

/* Begin PBXBuildFile section */
		18513B3F1A5642310025DD51 /* main.m in Sources */ = {isa = PBXBuildFile; fileRef = 18513B3E1A5642310025DD51 /* main.m */; };
		18513B421A5642310025DD51 /* AppDelegate.m in Sources */ = {isa = PBXBuildFile; fileRef = 18513B411A5642310025DD51 /* AppDelegate.m */; };
		18513B451A5642310025DD51 /* ViewController.m in Sources */ = {isa = PBXBuildFile; fileRef = 18513B441A5642310025DD51 /* ViewController.m */; };
		18513B481A5642310025DD51 /* Main.storyboard in Resources */ = {isa = PBXBuildFile; fileRef = 18513B461A5642310025DD51 /* Main.storyboard */; };
		18513B4A1A5642310025DD51 /* Images.xcassets in Resources */ = {isa = PBXBuildFile; fileRef = 18513B491A5642310025DD51 /* Images.xcassets */; };
		18513B4D1A5642310025DD51 /* LaunchScreen.xib in Resources */ = {isa = PBXBuildFile; fileRef = 18513B4B1A5642310025DD51 /* LaunchScreen.xib */; };
		18513B591A5642310025DD51 /* A03_____Tests.m in Sources */ = {isa = PBXBuildFile; fileRef = 18513B581A5642310025DD51 /* A03_____Tests.m */; };
		18513B641A5642430025DD51 /* CZCustomView.m in Sources */ = {isa = PBXBuildFile; fileRef = 18513B631A5642430025DD51 /* CZCustomView.m */; };
/* End PBXBuildFile section */

/* Begin PBXContainerItemProxy section */
		18513B531A5642310025DD51 /* PBXContainerItemProxy */ = {
			isa = PBXContainerItemProxy;
			containerPortal = 18513B311A5642310025DD51 /* Project object */;
			proxyType = 1;
			remoteGlobalIDString = 18513B381A5642310025DD51;
			remoteInfo = "A03-矩阵操作";
		};
/* End PBXContainerItemProxy section */

/* Begin PBXFileReference section */
		18513B391A5642310025DD51 /* A03-矩阵操作.app */ = {isa = PBXFileReference; explicitFileType = wrapper.application; includeInIndex = 0; path = "A03-矩阵操作.app"; sourceTree = BUILT_PRODUCTS_DIR; };
		18513B3D1A5642310025DD51 /* Info.plist */ = {isa = PBXFileReference; lastKnownFileType = text.plist.xml; path = Info.plist; sourceTree = "<group>"; };
		18513B3E1A5642310025DD51 /* main.m */ = {isa = PBXFileReference; lastKnownFileType = sourcecode.c.objc; path = main.m; sourceTree = "<group>"; };
		18513B401A5642310025DD51 /* AppDelegate.h */ = {isa = PBXFileReference; lastKnownFileType = sourcecode.c.h; path = AppDelegate.h; sourceTree = "<group>"; };
		18513B411A5642310025DD51 /* AppDelegate.m */ = {isa = PBXFileReference; lastKnownFileType = sourcecode.c.objc; path = AppDelegate.m; sourceTree = "<group>"; };
		18513B431A5642310025DD51 /* ViewController.h */ = {isa = PBXFileReference; lastKnownFileType = sourcecode.c.h; path = ViewController.h; sourceTree = "<group>"; };
		18513B441A5642310025DD51 /* ViewController.m */ = {isa = PBXFileReference; lastKnownFileType = sourcecode.c.objc; path = ViewController.m; sourceTree = "<group>"; };
		18513B471A5642310025DD51 /* Base */ = {isa = PBXFileReference; lastKnownFileType = file.storyboard; name = Base; path = Base.lproj/Main.storyboard; sourceTree = "<group>"; };
		18513B491A5642310025DD51 /* Images.xcassets */ = {isa = PBXFileReference; lastKnownFileType = folder.assetcatalog; path = Images.xcassets; sourceTree = "<group>"; };
		18513B4C1A5642310025DD51 /* Base */ = {isa = PBXFileReference; lastKnownFileType = file.xib; name = Base; path = Base.lproj/LaunchScreen.xib; sourceTree = "<group>"; };
		18513B521A5642310025DD51 /* A03-矩阵操作Tests.xctest */ = {isa = PBXFileReference; explicitFileType = wrapper.cfbundle; includeInIndex = 0; path = "A03-矩阵操作Tests.xctest"; sourceTree = BUILT_PRODUCTS_DIR; };
		18513B571A5642310025DD51 /* Info.plist */ = {isa = PBXFileReference; lastKnownFileType = text.plist.xml; path = Info.plist; sourceTree = "<group>"; };
		18513B581A5642310025DD51 /* A03_____Tests.m */ = {isa = PBXFileReference; lastKnownFileType = sourcecode.c.objc; path = "A03_____Tests.m"; sourceTree = "<group>"; };
		18513B621A5642430025DD51 /* CZCustomView.h */ = {isa = PBXFileReference; fileEncoding = 4; lastKnownFileType = sourcecode.c.h; path = CZCustomView.h; sourceTree = "<group>"; };
		18513B631A5642430025DD51 /* CZCustomView.m */ = {isa = PBXFileReference; fileEncoding = 4; lastKnownFileType = sourcecode.c.objc; path = CZCustomView.m; sourceTree = "<group>"; };
/* End PBXFileReference section */

/* Begin PBXFrameworksBuildPhase section */
		18513B361A5642310025DD51 /* Frameworks */ = {
			isa = PBXFrameworksBuildPhase;
			buildActionMask = 2147483647;
			files = (
			);
			runOnlyForDeploymentPostprocessing = 0;
		};
		18513B4F1A5642310025DD51 /* Frameworks */ = {
			isa = PBXFrameworksBuildPhase;
			buildActionMask = 2147483647;
			files = (
			);
			runOnlyForDeploymentPostprocessing = 0;
		};
/* End PBXFrameworksBuildPhase section */

/* Begin PBXGroup section */
		18513B301A5642310025DD51 = {
			isa = PBXGroup;
			children = (
				18513B3B1A5642310025DD51 /* A03-矩阵操作 */,
				18513B551A5642310025DD51 /* A03-矩阵操作Tests */,
				18513B3A1A5642310025DD51 /* Products */,
			);
			sourceTree = "<group>";
		};
		18513B3A1A5642310025DD51 /* Products */ = {
			isa = PBXGroup;
			children = (
				18513B391A5642310025DD51 /* A03-矩阵操作.app */,
				18513B521A5642310025DD51 /* A03-矩阵操作Tests.xctest */,
			);
			name = Products;
			sourceTree = "<group>";
		};
		18513B3B1A5642310025DD51 /* A03-矩阵操作 */ = {
			isa = PBXGroup;
			children = (
				18513B401A5642310025DD51 /* AppDelegate.h */,
				18513B411A5642310025DD51 /* AppDelegate.m */,
				18513B431A5642310025DD51 /* ViewController.h */,
				18513B441A5642310025DD51 /* ViewController.m */,
				18513B461A5642310025DD51 /* Main.storyboard */,
				18513B491A5642310025DD51 /* Images.xcassets */,
				18513B4B1A5642310025DD51 /* LaunchScreen.xib */,
				18513B3C1A5642310025DD51 /* Supporting Files */,
				18513B621A5642430025DD51 /* CZCustomView.h */,
				18513B631A5642430025DD51 /* CZCustomView.m */,
			);
			path = "A03-矩阵操作";
			sourceTree = "<group>";
		};
		18513B3C1A5642310025DD51 /* Supporting Files */ = {
			isa = PBXGroup;
			children = (
				18513B3D1A5642310025DD51 /* Info.plist */,
				18513B3E1A5642310025DD51 /* main.m */,
			);
			name = "Supporting Files";
			sourceTree = "<group>";
		};
		18513B551A5642310025DD51 /* A03-矩阵操作Tests */ = {
			isa = PBXGroup;
			children = (
				18513B581A5642310025DD51 /* A03_____Tests.m */,
				18513B561A5642310025DD51 /* Supporting Files */,
			);
			path = "A03-矩阵操作Tests";
			sourceTree = "<group>";
		};
		18513B561A5642310025DD51 /* Supporting Files */ = {
			isa = PBXGroup;
			children = (
				18513B571A5642310025DD51 /* Info.plist */,
			);
			name = "Supporting Files";
			sourceTree = "<group>";
		};
/* End PBXGroup section */

/* Begin PBXNativeTarget section */
		18513B381A5642310025DD51 /* A03-矩阵操作 */ = {
			isa = PBXNativeTarget;
			buildConfigurationList = 18513B5C1A5642310025DD51 /* Build configuration list for PBXNativeTarget "A03-矩阵操作" */;
			buildPhases = (
				18513B351A5642310025DD51 /* Sources */,
				18513B361A5642310025DD51 /* Frameworks */,
				18513B371A5642310025DD51 /* Resources */,
			);
			buildRules = (
			);
			dependencies = (
			);
			name = "A03-矩阵操作";
			productName = "A03-矩阵操作";
			productReference = 18513B391A5642310025DD51 /* A03-矩阵操作.app */;
			productType = "com.apple.product-type.application";
		};
		18513B511A5642310025DD51 /* A03-矩阵操作Tests */ = {
			isa = PBXNativeTarget;
			buildConfigurationList = 18513B5F1A5642310025DD51 /* Build configuration list for PBXNativeTarget "A03-矩阵操作Tests" */;
			buildPhases = (
				18513B4E1A5642310025DD51 /* Sources */,
				18513B4F1A5642310025DD51 /* Frameworks */,
				18513B501A5642310025DD51 /* Resources */,
			);
			buildRules = (
			);
			dependencies = (
				18513B541A5642310025DD51 /* PBXTargetDependency */,
			);
			name = "A03-矩阵操作Tests";
			productName = "A03-矩阵操作Tests";
			productReference = 18513B521A5642310025DD51 /* A03-矩阵操作Tests.xctest */;
			productType = "com.apple.product-type.bundle.unit-test";
		};
/* End PBXNativeTarget section */

/* Begin PBXProject section */
		18513B311A5642310025DD51 /* Project object */ = {
			isa = PBXProject;
			attributes = {
				LastUpgradeCheck = 0610;
				ORGANIZATIONNAME = itcast;
				TargetAttributes = {
					18513B381A5642310025DD51 = {
						CreatedOnToolsVersion = 6.1;
					};
					18513B511A5642310025DD51 = {
						CreatedOnToolsVersion = 6.1;
						TestTargetID = 18513B381A5642310025DD51;
					};
				};
			};
			buildConfigurationList = 18513B341A5642310025DD51 /* Build configuration list for PBXProject "A03-矩阵操作" */;
			compatibilityVersion = "Xcode 3.2";
			developmentRegion = English;
			hasScannedForEncodings = 0;
			knownRegions = (
				en,
				Base,
			);
			mainGroup = 18513B301A5642310025DD51;
			productRefGroup = 18513B3A1A5642310025DD51 /* Products */;
			projectDirPath = "";
			projectRoot = "";
			targets = (
				18513B381A5642310025DD51 /* A03-矩阵操作 */,
				18513B511A5642310025DD51 /* A03-矩阵操作Tests */,
			);
		};
/* End PBXProject section */

/* Begin PBXResourcesBuildPhase section */
		18513B371A5642310025DD51 /* Resources */ = {
			isa = PBXResourcesBuildPhase;
			buildActionMask = 2147483647;
			files = (
				18513B481A5642310025DD51 /* Main.storyboard in Resources */,
				18513B4D1A5642310025DD51 /* LaunchScreen.xib in Resources */,
				18513B4A1A5642310025DD51 /* Images.xcassets in Resources */,
			);
			runOnlyForDeploymentPostprocessing = 0;
		};
		18513B501A5642310025DD51 /* Resources */ = {
			isa = PBXResourcesBuildPhase;
			buildActionMask = 2147483647;
			files = (
			);
			runOnlyForDeploymentPostprocessing = 0;
		};
/* End PBXResourcesBuildPhase section */

/* Begin PBXSourcesBuildPhase section */
		18513B351A5642310025DD51 /* Sources */ = {
			isa = PBXSourcesBuildPhase;
			buildActionMask = 2147483647;
			files = (
				18513B641A5642430025DD51 /* CZCustomView.m in Sources */,
				18513B451A5642310025DD51 /* ViewController.m in Sources */,
				18513B421A5642310025DD51 /* AppDelegate.m in Sources */,
				18513B3F1A5642310025DD51 /* main.m in Sources */,
			);
			runOnlyForDeploymentPostprocessing = 0;
		};
		18513B4E1A5642310025DD51 /* Sources */ = {
			isa = PBXSourcesBuildPhase;
			buildActionMask = 2147483647;
			files = (
				18513B591A5642310025DD51 /* A03_____Tests.m in Sources */,
			);
			runOnlyForDeploymentPostprocessing = 0;
		};
/* End PBXSourcesBuildPhase section */

/* Begin PBXTargetDependency section */
		18513B541A5642310025DD51 /* PBXTargetDependency */ = {
			isa = PBXTargetDependency;
			target = 18513B381A5642310025DD51 /* A03-矩阵操作 */;
			targetProxy = 18513B531A5642310025DD51 /* PBXContainerItemProxy */;
		};
/* End PBXTargetDependency section */

/* Begin PBXVariantGroup section */
		18513B461A5642310025DD51 /* Main.storyboard */ = {
			isa = PBXVariantGroup;
			children = (
				18513B471A5642310025DD51 /* Base */,
			);
			name = Main.storyboard;
			sourceTree = "<group>";
		};
		18513B4B1A5642310025DD51 /* LaunchScreen.xib */ = {
			isa = PBXVariantGroup;
			children = (
				18513B4C1A5642310025DD51 /* Base */,
			);
			name = LaunchScreen.xib;
			sourceTree = "<group>";
		};
/* End PBXVariantGroup section */

/* Begin XCBuildConfiguration section */
		18513B5A1A5642310025DD51 /* Debug */ = {
			isa = XCBuildConfiguration;
			buildSettings = {
				ALWAYS_SEARCH_USER_PATHS = NO;
				CLANG_CXX_LANGUAGE_STANDARD = "gnu++0x";
				CLANG_CXX_LIBRARY = "libc++";
				CLANG_ENABLE_MODULES = YES;
				CLANG_ENABLE_OBJC_ARC = YES;
				CLANG_WARN_BOOL_CONVERSION = YES;
				CLANG_WARN_CONSTANT_CONVERSION = YES;
				CLANG_WARN_DIRECT_OBJC_ISA_USAGE = YES_ERROR;
				CLANG_WARN_EMPTY_BODY = YES;
				CLANG_WARN_ENUM_CONVERSION = YES;
				CLANG_WARN_INT_CONVERSION = YES;
				CLANG_WARN_OBJC_ROOT_CLASS = YES_ERROR;
				CLANG_WARN_UNREACHABLE_CODE = YES;
				CLANG_WARN__DUPLICATE_METHOD_MATCH = YES;
				"CODE_SIGN_IDENTITY[sdk=iphoneos*]" = "iPhone Developer";
				COPY_PHASE_STRIP = NO;
				ENABLE_STRICT_OBJC_MSGSEND = YES;
				GCC_C_LANGUAGE_STANDARD = gnu99;
				GCC_DYNAMIC_NO_PIC = NO;
				GCC_OPTIMIZATION_LEVEL = 0;
				GCC_PREPROCESSOR_DEFINITIONS = (
					"DEBUG=1",
					"$(inherited)",
				);
				GCC_SYMBOLS_PRIVATE_EXTERN = NO;
				GCC_WARN_64_TO_32_BIT_CONVERSION = YES;
				GCC_WARN_ABOUT_RETURN_TYPE = YES_ERROR;
				GCC_WARN_UNDECLARED_SELECTOR = YES;
				GCC_WARN_UNINITIALIZED_AUTOS = YES_AGGRESSIVE;
				GCC_WARN_UNUSED_FUNCTION = YES;
				GCC_WARN_UNUSED_VARIABLE = YES;
				IPHONEOS_DEPLOYMENT_TARGET = 8.1;
				MTL_ENABLE_DEBUG_INFO = YES;
				ONLY_ACTIVE_ARCH = YES;
				SDKROOT = iphoneos;
			};
			name = Debug;
		};
		18513B5B1A5642310025DD51 /* Release */ = {
			isa = XCBuildConfiguration;
			buildSettings = {
				ALWAYS_SEARCH_USER_PATHS = NO;
				CLANG_CXX_LANGUAGE_STANDARD = "gnu++0x";
				CLANG_CXX_LIBRARY = "libc++";
				CLANG_ENABLE_MODULES = YES;
				CLANG_ENABLE_OBJC_ARC = YES;
				CLANG_WARN_BOOL_CONVERSION = YES;
				CLANG_WARN_CONSTANT_CONVERSION = YES;
				CLANG_WARN_DIRECT_OBJC_ISA_USAGE = YES_ERROR;
				CLANG_WARN_EMPTY_BODY = YES;
				CLANG_WARN_ENUM_CONVERSION = YES;
				CLANG_WARN_INT_CONVERSION = YES;
				CLANG_WARN_OBJC_ROOT_CLASS = YES_ERROR;
				CLANG_WARN_UNREACHABLE_CODE = YES;
				CLANG_WARN__DUPLICATE_METHOD_MATCH = YES;
				"CODE_SIGN_IDENTITY[sdk=iphoneos*]" = "iPhone Developer";
				COPY_PHASE_STRIP = YES;
				ENABLE_NS_ASSERTIONS = NO;
				ENABLE_STRICT_OBJC_MSGSEND = YES;
				GCC_C_LANGUAGE_STANDARD = gnu99;
				GCC_WARN_64_TO_32_BIT_CONVERSION = YES;
				GCC_WARN_ABOUT_RETURN_TYPE = YES_ERROR;
				GCC_WARN_UNDECLARED_SELECTOR = YES;
				GCC_WARN_UNINITIALIZED_AUTOS = YES_AGGRESSIVE;
				GCC_WARN_UNUSED_FUNCTION = YES;
				GCC_WARN_UNUSED_VARIABLE = YES;
				IPHONEOS_DEPLOYMENT_TARGET = 8.1;
				MTL_ENABLE_DEBUG_INFO = NO;
				SDKROOT = iphoneos;
				VALIDATE_PRODUCT = YES;
			};
			name = Release;
		};
		18513B5D1A5642310025DD51 /* Debug */ = {
			isa = XCBuildConfiguration;
			buildSettings = {
				ASSETCATALOG_COMPILER_APPICON_NAME = AppIcon;
				INFOPLIST_FILE = "A03-矩阵操作/Info.plist";
				LD_RUNPATH_SEARCH_PATHS = "$(inherited) @executable_path/Frameworks";
				PRODUCT_NAME = "$(TARGET_NAME)";
			};
			name = Debug;
		};
		18513B5E1A5642310025DD51 /* Release */ = {
			isa = XCBuildConfiguration;
			buildSettings = {
				ASSETCATALOG_COMPILER_APPICON_NAME = AppIcon;
				INFOPLIST_FILE = "A03-矩阵操作/Info.plist";
				LD_RUNPATH_SEARCH_PATHS = "$(inherited) @executable_path/Frameworks";
				PRODUCT_NAME = "$(TARGET_NAME)";
			};
			name = Release;
		};
		18513B601A5642310025DD51 /* Debug */ = {
			isa = XCBuildConfiguration;
			buildSettings = {
				BUNDLE_LOADER = "$(TEST_HOST)";
				FRAMEWORK_SEARCH_PATHS = (
					"$(SDKROOT)/Developer/Library/Frameworks",
					"$(inherited)",
				);
				GCC_PREPROCESSOR_DEFINITIONS = (
					"DEBUG=1",
					"$(inherited)",
				);
				INFOPLIST_FILE = "A03-矩阵操作Tests/Info.plist";
				LD_RUNPATH_SEARCH_PATHS = "$(inherited) @executable_path/Frameworks @loader_path/Frameworks";
				PRODUCT_NAME = "$(TARGET_NAME)";
				TEST_HOST = "$(BUILT_PRODUCTS_DIR)/A03-矩阵操作.app/A03-矩阵操作";
			};
			name = Debug;
		};
		18513B611A5642310025DD51 /* Release */ = {
			isa = XCBuildConfiguration;
			buildSettings = {
				BUNDLE_LOADER = "$(TEST_HOST)";
				FRAMEWORK_SEARCH_PATHS = (
					"$(SDKROOT)/Developer/Library/Frameworks",
					"$(inherited)",
				);
				INFOPLIST_FILE = "A03-矩阵操作Tests/Info.plist";
				LD_RUNPATH_SEARCH_PATHS = "$(inherited) @executable_path/Frameworks @loader_path/Frameworks";
				PRODUCT_NAME = "$(TARGET_NAME)";
				TEST_HOST = "$(BUILT_PRODUCTS_DIR)/A03-矩阵操作.app/A03-矩阵操作";
			};
			name = Release;
		};
/* End XCBuildConfiguration section */

/* Begin XCConfigurationList section */
		18513B341A5642310025DD51 /* Build configuration list for PBXProject "A03-矩阵操作" */ = {
			isa = XCConfigurationList;
			buildConfigurations = (
				18513B5A1A5642310025DD51 /* Debug */,
				18513B5B1A5642310025DD51 /* Release */,
			);
			defaultConfigurationIsVisible = 0;
			defaultConfigurationName = Release;
		};
		18513B5C1A5642310025DD51 /* Build configuration list for PBXNativeTarget "A03-矩阵操作" */ = {
			isa = XCConfigurationList;
			buildConfigurations = (
				18513B5D1A5642310025DD51 /* Debug */,
				18513B5E1A5642310025DD51 /* Release */,
			);
			defaultConfigurationIsVisible = 0;
		};
		18513B5F1A5642310025DD51 /* Build configuration list for PBXNativeTarget "A03-矩阵操作Tests" */ = {
			isa = XCConfigurationList;
			buildConfigurations = (
				18513B601A5642310025DD51 /* Debug */,
				18513B611A5642310025DD51 /* Release */,
			);
			defaultConfigurationIsVisible = 0;
		};
/* End XCConfigurationList section */
	};
	rootObject = 18513B311A5642310025DD51 /* Project object */;
}
